<?xml version="1.0" encoding="utf-8"?>
<Project ToolsVersion="4.0" xmlns="http://schemas.microsoft.com/developer/msbuild/2003">
  <ItemGroup>
    <Filter Include="Source">
      <UniqueIdentifier>{ad5c9e85-a081-4a22-8f4b-174c7fbc8d23}</UniqueIdentifier>
    </Filter>
    <Filter Include="Shaders">
      <UniqueIdentifier>{93995380-89BD-4b04-88EB-625FBE52EBFB}</UniqueIdentifier>
      <Extensions>h;hh;hpp;hxx;h++;hm;inl;inc;ipp;xsd</Extensions>
    </Filter>
    <Filter Include="Source\Core">
      <UniqueIdentifier>{1219bdbc-eb1a-4636-a07e-1eb13cc562a6}</UniqueIdentifier>
    </Filter>
    <Filter Include="Source\Resource">
      <UniqueIdentifier>{db103a3e-79e4-4a82-b827-e539c8d2468a}</UniqueIdentifier>
    </Filter>
    <Filter Include="Source\Graphics">
      <UniqueIdentifier>{9076e233-869b-4558-83c9-bc93ad0f3516}</UniqueIdentifier>
    </Filter>
  </ItemGroup>
  <ItemGroup>
    <None Include="packages.config" />
    <None Include="Asset\Shaders\Shader.hlsl">
      <Filter>Shaders</Filter>
    </None>
  </ItemGroup>
  <ItemGroup>
    <ClCompile Include="Source\Graphics\Graphics.cpp">
      <Filter>Source\Graphics</Filter>
    </ClCompile>
    <ClCompile Include="Source\Graphics\Shader.cpp">
      <Filter>Source\Graphics</Filter>
    </ClCompile>
    <ClCompile Include="Source\Core\main.cpp">
      <Filter>Source\Core</Filter>
    </ClCompile>
    <ClCompile Include="Source\Core\Window.cpp">
      <Filter>Source\Core</Filter>
    </ClCompile>
    <ClCompile Include="Source\Resource\Camera.cpp">
      <Filter>Source\Resource</Filter>
    </ClCompile>
    <ClCompile Include="Source\Resource\IndexBuffer.cpp">
      <Filter>Source\Resource</Filter>
    </ClCompile>
    <ClCompile Include="Source\Resource\Model.cpp">
      <Filter>Source\Resource</Filter>
    </ClCompile>
    <ClCompile Include="Source\Resource\VertexBuffer.cpp">
      <Filter>Source\Resource</Filter>
    </ClCompile>
  </ItemGroup>
  <ItemGroup>
    <ClInclude Include="Source\Graphics\Graphics.hpp">
      <Filter>Source\Graphics</Filter>
    </ClInclude>
    <ClInclude Include="Source\Graphics\Shader.hpp">
      <Filter>Source\Graphics</Filter>
    </ClInclude>
    <ClInclude Include="Source\Core\Window.hpp">
      <Filter>Source\Core</Filter>
    </ClInclude>
    <ClInclude Include="Source\Resource\Camera.hpp">
      <Filter>Source\Resource</Filter>
    </ClInclude>
    <ClInclude Include="Source\Resource\IndexBuffer.hpp">
      <Filter>Source\Resource</Filter>
    </ClInclude>
    <ClInclude Include="Source\Resource\Model.hpp">
      <Filter>Source\Resource</Filter>
    </ClInclude>
    <ClInclude Include="Source\Resource\Vertex.hpp">
      <Filter>Source\Resource</Filter>
    </ClInclude>
    <ClInclude Include="Source\Resource\VertexBuffer.hpp">
      <Filter>Source\Resource</Filter>
    </ClInclude>
  </ItemGroup>
</Project>